
Microsoft Visual Studio Solution File, Format Version 12.00
# Visual Studio Version 16
VisualStudioVersion = 16.0.30413.136
MinimumVisualStudioVersion = 10.0.40219.1
Project("{FAE04EC0-301F-11D3-BF4B-00C04F79EFBC}") = "ArielLoop", "ArielLoop\ArielLoop.csproj", "{A5E1799F-4CF9-4867-AA5D-27FF32162953}"
EndProject
Project("{FAE04EC0-301F-11D3-BF4B-00C04F79EFBC}") = "GuessingGame", "GuessingGame\GuessingGame.csproj", "{FE2A7A23-AEA5-4401-AA85-E9EBA6FCE977}"
EndProject
Project("{FAE04EC0-301F-11D3-BF4B-00C04F79EFBC}") = "ThreeTries", "ThreeTries\ThreeTries.csproj", "{9DE98371-5E4B-4F29-8003-8059DC453EB6}"
EndProject
Global
	GlobalSection(SolutionConfigurationPlatforms) = preSolution
		Debug|Any CPU = Debug|Any CPU
		Release|Any CPU = Release|Any CPU
	EndGlobalSection
	GlobalSection(ProjectConfigurationPlatforms) = postSolution
		{A5E1799F-4CF9-4867-AA5D-27FF32162953}.Debug|Any CPU.ActiveCfg = Debug|Any CPU
		{A5E1799F-4CF9-4867-AA5D-27FF32162953}.Debug|Any CPU.Build.0 = Debug|Any CPU
		{A5E1799F-4CF9-4867-AA5D-27FF32162953}.Release|Any CPU.ActiveCfg = Release|Any CPU
		{A5E1799F-4CF9-4867-AA5D-27FF32162953}.Release|Any CPU.Build.0 = Release|Any CPU
		{FE2A7A23-AEA5-4401-AA85-E9EBA6FCE977}.Debug|Any CPU.ActiveCfg = Debug|Any CPU
		{FE2A7A23-AEA5-4401-AA85-E9EBA6FCE977}.Debug|Any CPU.Build.0 = Debug|Any CPU
		{FE2A7A23-AEA5-4401-AA85-E9EBA6FCE977}.Release|Any CPU.ActiveCfg = Release|Any CPU
		{FE2A7A23-AEA5-4401-AA85-E9EBA6FCE977}.Release|Any CPU.Build.0 = Release|Any CPU
		{9DE98371-5E4B-4F29-8003-8059DC453EB6}.Debug|Any CPU.ActiveCfg = Debug|Any CPU
		{9DE98371-5E4B-4F29-8003-8059DC453EB6}.Debug|Any CPU.Build.0 = Debug|Any CPU
		{9DE98371-5E4B-4F29-8003-8059DC453EB6}.Release|Any CPU.ActiveCfg = Release|Any CPU
		{9DE98371-5E4B-4F29-8003-8059DC453EB6}.Release|Any CPU.Build.0 = Release|Any CPU
	EndGlobalSection
	GlobalSection(SolutionProperties) = preSolution
		HideSolutionNode = FALSE
	EndGlobalSection
	GlobalSection(ExtensibilityGlobals) = postSolution
		SolutionGuid = {00190979-CFF5-45F7-9ADD-791651B8F3E6}
	EndGlobalSection
EndGlobal
